// !$*UTF8*$!
{
	archiveVersion = 1;
	classes = {
	};
	objectVersion = 46;
	objects = {

/* Begin PBXBuildFile section */
		86CC0A051C84489C002CB467 /* AppDelegate.swift in Sources */ = {isa = PBXBuildFile; fileRef = 86CC0A041C84489C002CB467 /* AppDelegate.swift */; };
		86CC0A071C84489C002CB467 /* ViewController.swift in Sources */ = {isa = PBXBuildFile; fileRef = 86CC0A061C84489C002CB467 /* ViewController.swift */; };
		86CC0A0A1C84489C002CB467 /* Main.storyboard in Resources */ = {isa = PBXBuildFile; fileRef = 86CC0A081C84489C002CB467 /* Main.storyboard */; };
		86CC0A0C1C84489C002CB467 /* Assets.xcassets in Resources */ = {isa = PBXBuildFile; fileRef = 86CC0A0B1C84489C002CB467 /* Assets.xcassets */; };
		86CC0A191C958C88002CB467 /* finnish_words.txt in Resources */ = {isa = PBXBuildFile; fileRef = 86CC0A181C958C88002CB467 /* finnish_words.txt */; };
		86CC0A201C96B0B3002CB467 /* libsqlite3.0.tbd in Frameworks */ = {isa = PBXBuildFile; fileRef = 86CC0A1F1C96B0B3002CB467 /* libsqlite3.0.tbd */; };
		86DAAEAD1CC38D6F00CD5589 /* Icon-76.png in Resources */ = {isa = PBXBuildFile; fileRef = 86DAAEAA1CC38D6F00CD5589 /* Icon-76.png */; };
		86DAAEAE1CC38D6F00CD5589 /* Icon-76@2x.png in Resources */ = {isa = PBXBuildFile; fileRef = 86DAAEAB1CC38D6F00CD5589 /* Icon-76@2x.png */; };
		86DAAEAF1CC38D6F00CD5589 /* Icon-83.5@2x.png in Resources */ = {isa = PBXBuildFile; fileRef = 86DAAEAC1CC38D6F00CD5589 /* Icon-83.5@2x.png */; };
		86DAAEB51CC391DB00CD5589 /* iPad-Landscape.png in Resources */ = {isa = PBXBuildFile; fileRef = 86DAAEB11CC391DB00CD5589 /* iPad-Landscape.png */; };
		86DAAEB61CC391DB00CD5589 /* iPad-Landscape@2x.png in Resources */ = {isa = PBXBuildFile; fileRef = 86DAAEB21CC391DB00CD5589 /* iPad-Landscape@2x.png */; };
		86DAAEB71CC391DB00CD5589 /* iPad-Portrait.png in Resources */ = {isa = PBXBuildFile; fileRef = 86DAAEB31CC391DB00CD5589 /* iPad-Portrait.png */; };
		86DAAEB81CC391DB00CD5589 /* iPad-Portrait@2x.png in Resources */ = {isa = PBXBuildFile; fileRef = 86DAAEB41CC391DB00CD5589 /* iPad-Portrait@2x.png */; };
		86FFB4721C96B990000B6018 /* finnish_words.db in Resources */ = {isa = PBXBuildFile; fileRef = 86FFB4711C96B990000B6018 /* finnish_words.db */; };
/* End PBXBuildFile section */

/* Begin PBXFileReference section */
		86CC0A011C84489C002CB467 /* KirjainPeli.app */ = {isa = PBXFileReference; explicitFileType = wrapper.application; includeInIndex = 0; path = KirjainPeli.app; sourceTree = BUILT_PRODUCTS_DIR; };
		86CC0A041C84489C002CB467 /* AppDelegate.swift */ = {isa = PBXFileReference; lastKnownFileType = sourcecode.swift; path = AppDelegate.swift; sourceTree = "<group>"; };
		86CC0A061C84489C002CB467 /* ViewController.swift */ = {isa = PBXFileReference; lastKnownFileType = sourcecode.swift; path = ViewController.swift; sourceTree = "<group>"; };
		86CC0A091C84489C002CB467 /* Base */ = {isa = PBXFileReference; lastKnownFileType = file.storyboard; name = Base; path = Base.lproj/Main.storyboard; sourceTree = "<group>"; };
		86CC0A0B1C84489C002CB467 /* Assets.xcassets */ = {isa = PBXFileReference; lastKnownFileType = folder.assetcatalog; path = Assets.xcassets; sourceTree = "<group>"; };
		86CC0A101C84489C002CB467 /* Info.plist */ = {isa = PBXFileReference; lastKnownFileType = text.plist.xml; path = Info.plist; sourceTree = "<group>"; };
		86CC0A181C958C88002CB467 /* finnish_words.txt */ = {isa = PBXFileReference; fileEncoding = 4; lastKnownFileType = text; path = finnish_words.txt; sourceTree = "<group>"; };
		86CC0A1F1C96B0B3002CB467 /* libsqlite3.0.tbd */ = {isa = PBXFileReference; lastKnownFileType = "sourcecode.text-based-dylib-definition"; name = libsqlite3.0.tbd; path = usr/lib/libsqlite3.0.tbd; sourceTree = SDKROOT; };
		86DAAEAA1CC38D6F00CD5589 /* Icon-76.png */ = {isa = PBXFileReference; lastKnownFileType = image.png; path = "Icon-76.png"; sourceTree = "<group>"; };
		86DAAEAB1CC38D6F00CD5589 /* Icon-76@2x.png */ = {isa = PBXFileReference; lastKnownFileType = image.png; path = "Icon-76@2x.png"; sourceTree = "<group>"; };
		86DAAEAC1CC38D6F00CD5589 /* Icon-83.5@2x.png */ = {isa = PBXFileReference; lastKnownFileType = image.png; path = "Icon-83.5@2x.png"; sourceTree = "<group>"; };
		86DAAEB11CC391DB00CD5589 /* iPad-Landscape.png */ = {isa = PBXFileReference; lastKnownFileType = image.png; path = "iPad-Landscape.png"; sourceTree = "<group>"; };
		86DAAEB21CC391DB00CD5589 /* iPad-Landscape@2x.png */ = {isa = PBXFileReference; lastKnownFileType = image.png; path = "iPad-Landscape@2x.png"; sourceTree = "<group>"; };
		86DAAEB31CC391DB00CD5589 /* iPad-Portrait.png */ = {isa = PBXFileReference; lastKnownFileType = image.png; path = "iPad-Portrait.png"; sourceTree = "<group>"; };
		86DAAEB41CC391DB00CD5589 /* iPad-Portrait@2x.png */ = {isa = PBXFileReference; lastKnownFileType = image.png; path = "iPad-Portrait@2x.png"; sourceTree = "<group>"; };
		86FFB44B1C96B4E5000B6018 /* KirjainPeli-Bridging-Header.h */ = {isa = PBXFileReference; lastKnownFileType = sourcecode.c.h; path = "KirjainPeli-Bridging-Header.h"; sourceTree = "<group>"; };
		86FFB4711C96B990000B6018 /* finnish_words.db */ = {isa = PBXFileReference; lastKnownFileType = file; path = finnish_words.db; sourceTree = "<group>"; };
/* End PBXFileReference section */

/* Begin PBXFrameworksBuildPhase section */
		86CC09FE1C84489C002CB467 /* Frameworks */ = {
			isa = PBXFrameworksBuildPhase;
			buildActionMask = 2147483647;
			files = (
				86CC0A201C96B0B3002CB467 /* libsqlite3.0.tbd in Frameworks */,
			);
			runOnlyForDeploymentPostprocessing = 0;
		};
/* End PBXFrameworksBuildPhase section */

/* Begin PBXGroup section */
		86CC09F81C84489C002CB467 = {
			isa = PBXGroup;
			children = (
				86CC0A1F1C96B0B3002CB467 /* libsqlite3.0.tbd */,
				86CC0A031C84489C002CB467 /* KirjainPeli */,
				86CC0A021C84489C002CB467 /* Products */,
			);
			sourceTree = "<group>";
		};
		86CC0A021C84489C002CB467 /* Products */ = {
			isa = PBXGroup;
			children = (
				86CC0A011C84489C002CB467 /* KirjainPeli.app */,
			);
			name = Products;
			sourceTree = "<group>";
		};
		86CC0A031C84489C002CB467 /* KirjainPeli */ = {
			isa = PBXGroup;
			children = (
				86DAAEA81CC38D6F00CD5589 /* Assets */,
				86FFB4711C96B990000B6018 /* finnish_words.db */,
				86CC0A041C84489C002CB467 /* AppDelegate.swift */,
				86CC0A061C84489C002CB467 /* ViewController.swift */,
				86CC0A081C84489C002CB467 /* Main.storyboard */,
				86CC0A0B1C84489C002CB467 /* Assets.xcassets */,
				86CC0A101C84489C002CB467 /* Info.plist */,
				86CC0A181C958C88002CB467 /* finnish_words.txt */,
				86FFB44B1C96B4E5000B6018 /* KirjainPeli-Bridging-Header.h */,
			);
			path = KirjainPeli;
			sourceTree = "<group>";
		};
		86DAAEA81CC38D6F00CD5589 /* Assets */ = {
			isa = PBXGroup;
			children = (
				86DAAEB01CC391DB00CD5589 /* Splash Screen */,
				86DAAEA91CC38D6F00CD5589 /* App Icon */,
			);
			path = Assets;
			sourceTree = "<group>";
		};
		86DAAEA91CC38D6F00CD5589 /* App Icon */ = {
			isa = PBXGroup;
			children = (
				86DAAEAA1CC38D6F00CD5589 /* Icon-76.png */,
				86DAAEAB1CC38D6F00CD5589 /* Icon-76@2x.png */,
				86DAAEAC1CC38D6F00CD5589 /* Icon-83.5@2x.png */,
			);
			path = "App Icon";
			sourceTree = "<group>";
		};
		86DAAEB01CC391DB00CD5589 /* Splash Screen */ = {
			isa = PBXGroup;
			children = (
				86DAAEB11CC391DB00CD5589 /* iPad-Landscape.png */,
				86DAAEB21CC391DB00CD5589 /* iPad-Landscape@2x.png */,
				86DAAEB31CC391DB00CD5589 /* iPad-Portrait.png */,
				86DAAEB41CC391DB00CD5589 /* iPad-Portrait@2x.png */,
			);
			path = "Splash Screen";
			sourceTree = "<group>";
		};
/* End PBXGroup section */

/* Begin PBXNativeTarget section */
		86CC0A001C84489C002CB467 /* KirjainPeli */ = {
			isa = PBXNativeTarget;
			buildConfigurationList = 86CC0A131C84489C002CB467 /* Build configuration list for PBXNativeTarget "KirjainPeli" */;
			buildPhases = (
				86CC09FD1C84489C002CB467 /* Sources */,
				86CC09FE1C84489C002CB467 /* Frameworks */,
				86CC09FF1C84489C002CB467 /* Resources */,
			);
			buildRules = (
			);
			dependencies = (
			);
			name = KirjainPeli;
			productName = KirjainPeli;
			productReference = 86CC0A011C84489C002CB467 /* KirjainPeli.app */;
			productType = "com.apple.product-type.application";
		};
/* End PBXNativeTarget section */

/* Begin PBXProject section */
		86CC09F91C84489C002CB467 /* Project object */ = {
			isa = PBXProject;
			attributes = {
				LastSwiftUpdateCheck = 0720;
				LastUpgradeCheck = 0720;
				ORGANIZATIONNAME = "Timo Olkkonen";
				TargetAttributes = {
					86CC0A001C84489C002CB467 = {
						CreatedOnToolsVersion = 7.2.1;
						DevelopmentTeam = C264ZV7DFX;
					};
				};
			};
			buildConfigurationList = 86CC09FC1C84489C002CB467 /* Build configuration list for PBXProject "KirjainPeli" */;
			compatibilityVersion = "Xcode 3.2";
			developmentRegion = English;
			hasScannedForEncodings = 0;
			knownRegions = (
				en,
				Base,
			);
			mainGroup = 86CC09F81C84489C002CB467;
			productRefGroup = 86CC0A021C84489C002CB467 /* Products */;
			projectDirPath = "";
			projectRoot = "";
			targets = (
				86CC0A001C84489C002CB467 /* KirjainPeli */,
			);
		};
/* End PBXProject section */

/* Begin PBXResourcesBuildPhase section */
		86CC09FF1C84489C002CB467 /* Resources */ = {
			isa = PBXResourcesBuildPhase;
			buildActionMask = 2147483647;
			files = (
				86DAAEB71CC391DB00CD5589 /* iPad-Portrait.png in Resources */,
				86DAAEB81CC391DB00CD5589 /* iPad-Portrait@2x.png in Resources */,
				86DAAEAF1CC38D6F00CD5589 /* Icon-83.5@2x.png in Resources */,
				86CC0A0C1C84489C002CB467 /* Assets.xcassets in Resources */,
				86DAAEB51CC391DB00CD5589 /* iPad-Landscape.png in Resources */,
				86CC0A191C958C88002CB467 /* finnish_words.txt in Resources */,
				86CC0A0A1C84489C002CB467 /* Main.storyboard in Resources */,
				86DAAEB61CC391DB00CD5589 /* iPad-Landscape@2x.png in Resources */,
				86DAAEAE1CC38D6F00CD5589 /* Icon-76@2x.png in Resources */,
				86FFB4721C96B990000B6018 /* finnish_words.db in Resources */,
				86DAAEAD1CC38D6F00CD5589 /* Icon-76.png in Resources */,
			);
			runOnlyForDeploymentPostprocessing = 0;
		};
/* End PBXResourcesBuildPhase section */

/* Begin PBXSourcesBuildPhase section */
		86CC09FD1C84489C002CB467 /* Sources */ = {
			isa = PBXSourcesBuildPhase;
			buildActionMask = 2147483647;
			files = (
				86CC0A071C84489C002CB467 /* ViewController.swift in Sources */,
				86CC0A051C84489C002CB467 /* AppDelegate.swift in Sources */,
			);
			runOnlyForDeploymentPostprocessing = 0;
		};
/* End PBXSourcesBuildPhase section */

/* Begin PBXVariantGroup section */
		86CC0A081C84489C002CB467 /* Main.storyboard */ = {
			isa = PBXVariantGroup;
			children = (
				86CC0A091C84489C002CB467 /* Base */,
			);
			name = Main.storyboard;
			sourceTree = "<group>";
		};
/* End PBXVariantGroup section */

/* Begin XCBuildConfiguration section */
		86CC0A111C84489C002CB467 /* Debug */ = {
			isa = XCBuildConfiguration;
			buildSettings = {
				ALWAYS_SEARCH_USER_PATHS = NO;
				CLANG_CXX_LANGUAGE_STANDARD = "gnu++0x";
				CLANG_CXX_LIBRARY = "libc++";
				CLANG_ENABLE_MODULES = YES;
				CLANG_ENABLE_OBJC_ARC = YES;
				CLANG_WARN_BOOL_CONVERSION = YES;
				CLANG_WARN_CONSTANT_CONVERSION = YES;
				CLANG_WARN_DIRECT_OBJC_ISA_USAGE = YES_ERROR;
				CLANG_WARN_EMPTY_BODY = YES;
				CLANG_WARN_ENUM_CONVERSION = YES;
				CLANG_WARN_INT_CONVERSION = YES;
				CLANG_WARN_OBJC_ROOT_CLASS = YES_ERROR;
				CLANG_WARN_UNREACHABLE_CODE = YES;
				CLANG_WARN__DUPLICATE_METHOD_MATCH = YES;
				"CODE_SIGN_IDENTITY[sdk=iphoneos*]" = "iPhone Developer";
				COPY_PHASE_STRIP = NO;
				DEBUG_INFORMATION_FORMAT = dwarf;
				ENABLE_STRICT_OBJC_MSGSEND = YES;
				ENABLE_TESTABILITY = YES;
				GCC_C_LANGUAGE_STANDARD = gnu99;
				GCC_DYNAMIC_NO_PIC = NO;
				GCC_NO_COMMON_BLOCKS = YES;
				GCC_OPTIMIZATION_LEVEL = 0;
				GCC_PREPROCESSOR_DEFINITIONS = (
					"DEBUG=1",
					"$(inherited)",
				);
				GCC_WARN_64_TO_32_BIT_CONVERSION = YES;
				GCC_WARN_ABOUT_RETURN_TYPE = YES_ERROR;
				GCC_WARN_UNDECLARED_SELECTOR = YES;
				GCC_WARN_UNINITIALIZED_AUTOS = YES_AGGRESSIVE;
				GCC_WARN_UNUSED_FUNCTION = YES;
				GCC_WARN_UNUSED_VARIABLE = YES;
				IPHONEOS_DEPLOYMENT_TARGET = 9.2;
				MTL_ENABLE_DEBUG_INFO = YES;
				ONLY_ACTIVE_ARCH = YES;
				SDKROOT = iphoneos;
				SWIFT_OPTIMIZATION_LEVEL = "-Onone";
				TARGETED_DEVICE_FAMILY = 2;
			};
			name = Debug;
		};
		86CC0A121C84489C002CB467 /* Release */ = {
			isa = XCBuildConfiguration;
			buildSettings = {
				ALWAYS_SEARCH_USER_PATHS = NO;
				CLANG_CXX_LANGUAGE_STANDARD = "gnu++0x";
				CLANG_CXX_LIBRARY = "libc++";
				CLANG_ENABLE_MODULES = YES;
				CLANG_ENABLE_OBJC_ARC = YES;
				CLANG_WARN_BOOL_CONVERSION = YES;
				CLANG_WARN_CONSTANT_CONVERSION = YES;
				CLANG_WARN_DIRECT_OBJC_ISA_USAGE = YES_ERROR;
				CLANG_WARN_EMPTY_BODY = YES;
				CLANG_WARN_ENUM_CONVERSION = YES;
				CLANG_WARN_INT_CONVERSION = YES;
				CLANG_WARN_OBJC_ROOT_CLASS = YES_ERROR;
				CLANG_WARN_UNREACHABLE_CODE = YES;
				CLANG_WARN__DUPLICATE_METHOD_MATCH = YES;
				"CODE_SIGN_IDENTITY[sdk=iphoneos*]" = "iPhone Developer";
				COPY_PHASE_STRIP = NO;
				DEBUG_INFORMATION_FORMAT = "dwarf-with-dsym";
				ENABLE_NS_ASSERTIONS = NO;
				ENABLE_STRICT_OBJC_MSGSEND = YES;
				GCC_C_LANGUAGE_STANDARD = gnu99;
				GCC_NO_COMMON_BLOCKS = YES;
				GCC_WARN_64_TO_32_BIT_CONVERSION = YES;
				GCC_WARN_ABOUT_RETURN_TYPE = YES_ERROR;
				GCC_WARN_UNDECLARED_SELECTOR = YES;
				GCC_WARN_UNINITIALIZED_AUTOS = YES_AGGRESSIVE;
				GCC_WARN_UNUSED_FUNCTION = YES;
				GCC_WARN_UNUSED_VARIABLE = YES;
				IPHONEOS_DEPLOYMENT_TARGET = 9.2;
				MTL_ENABLE_DEBUG_INFO = NO;
				SDKROOT = iphoneos;
				TARGETED_DEVICE_FAMILY = 2;
				VALIDATE_PRODUCT = YES;
			};
			name = Release;
		};
		86CC0A141C84489C002CB467 /* Debug */ = {
			isa = XCBuildConfiguration;
			buildSettings = {
				ASSETCATALOG_COMPILER_APPICON_NAME = AppIcon;
				ASSETCATALOG_COMPILER_LAUNCHIMAGE_NAME = LaunchImage;
				CLANG_ENABLE_MODULES = YES;
				CODE_SIGN_IDENTITY = "iPhone Developer";
				"CODE_SIGN_IDENTITY[sdk=iphoneos*]" = "iPhone Developer";
				INFOPLIST_FILE = KirjainPeli/Info.plist;
				LD_RUNPATH_SEARCH_PATHS = "$(inherited) @executable_path/Frameworks";
				MTL_ENABLE_DEBUG_INFO = NO;
				PRODUCT_BUNDLE_IDENTIFIER = fi.timoolkkonen.KirjainPeli;
				PRODUCT_NAME = "$(TARGET_NAME)";
				PROVISIONING_PROFILE = "";
				SWIFT_INSTALL_OBJC_HEADER = YES;
				SWIFT_OBJC_BRIDGING_HEADER = "KirjainPeli/KirjainPeli-Bridging-Header.h";
				SWIFT_OPTIMIZATION_LEVEL = "-Onone";
			};
			name = Debug;
		};
		86CC0A151C84489C002CB467 /* Release */ = {
			isa = XCBuildConfiguration;
			buildSettings = {
				ASSETCATALOG_COMPILER_APPICON_NAME = AppIcon;
				ASSETCATALOG_COMPILER_LAUNCHIMAGE_NAME = LaunchImage;
				CLANG_ENABLE_MODULES = YES;
				CODE_SIGN_IDENTITY = "iPhone Developer";
				"CODE_SIGN_IDENTITY[sdk=iphoneos*]" = "iPhone Developer";
				INFOPLIST_FILE = KirjainPeli/Info.plist;
				LD_RUNPATH_SEARCH_PATHS = "$(inherited) @executable_path/Frameworks";
				PRODUCT_BUNDLE_IDENTIFIER = fi.timoolkkonen.KirjainPeli;
				PRODUCT_NAME = "$(TARGET_NAME)";
				PROVISIONING_PROFILE = "";
				SWIFT_INSTALL_OBJC_HEADER = YES;
				SWIFT_OBJC_BRIDGING_HEADER = "KirjainPeli/KirjainPeli-Bridging-Header.h";
			};
			name = Release;
		};
/* End XCBuildConfiguration section */

/* Begin XCConfigurationList section */
		86CC09FC1C84489C002CB467 /* Build configuration list for PBXProject "KirjainPeli" */ = {
			isa = XCConfigurationList;
			buildConfigurations = (
				86CC0A111C84489C002CB467 /* Debug */,
				86CC0A121C84489C002CB467 /* Release */,
			);
			defaultConfigurationIsVisible = 0;
			defaultConfigurationName = Release;
		};
		86CC0A131C84489C002CB467 /* Build configuration list for PBXNativeTarget "KirjainPeli" */ = {
			isa = XCConfigurationList;
			buildConfigurations = (
				86CC0A141C84489C002CB467 /* Debug */,
				86CC0A151C84489C002CB467 /* Release */,
			);
			defaultConfigurationIsVisible = 0;
			defaultConfigurationName = Release;
		};
/* End XCConfigurationList section */
	};
	rootObject = 86CC09F91C84489C002CB467 /* Project object */;
}
